
Microsoft Visual Studio Solution File, Format Version 12.00
# Visual Studio Version 16
VisualStudioVersion = 16.0.30711.63
MinimumVisualStudioVersion = 10.0.40219.1
Project("{FAE04EC0-301F-11D3-BF4B-00C04F79EFBC}") = "WebPrestamosUNED", "WebPrestamosUNED.csproj", "{E5822C00-B7DF-4ABE-88A9-C5D2B8826477}"
EndProject
Global
	GlobalSection(SolutionConfigurationPlatforms) = preSolution
		Debug|Any CPU = Debug|Any CPU
		Release|Any CPU = Release|Any CPU
	EndGlobalSection
	GlobalSection(ProjectConfigurationPlatforms) = postSolution
		{E5822C00-B7DF-4ABE-88A9-C5D2B8826477}.Debug|Any CPU.ActiveCfg = Debug|Any CPU
		{E5822C00-B7DF-4ABE-88A9-C5D2B8826477}.Debug|Any CPU.Build.0 = Debug|Any CPU
		{E5822C00-B7DF-4ABE-88A9-C5D2B8826477}.Release|Any CPU.ActiveCfg = Release|Any CPU
		{E5822C00-B7DF-4ABE-88A9-C5D2B8826477}.Release|Any CPU.Build.0 = Release|Any CPU
	EndGlobalSection
	GlobalSection(SolutionProperties) = preSolution
		HideSolutionNode = FALSE
	EndGlobalSection
	GlobalSection(ExtensibilityGlobals) = postSolution
		SolutionGuid = {59AFFA12-D6AE-4541-A1B9-29C996FD632F}
	EndGlobalSection
EndGlobal
